# THIS IS AN AUTOGENERATED FILE. DO NOT EDIT THIS FILE DIRECTLY.
# yarn lockfile v1


react-native-config@^1.4.4:
  version "1.4.4"
  resolved "https://registry.yarnpkg.com/react-native-config/-/react-native-config-1.4.4.tgz#e0e10802d1e61ef051040c84dfd19f85a5984620"
  integrity sha512-bu47sJHn/HrB7COAWBI8DieAhrbFLINHFE2HBCcVkDu0Y5ScrMs6vL+jhIm+pMSgxouseLhXG8h7xYYpxE38PA==
